
Microsoft Visual Studio Solution File, Format Version 12.00
# Visual Studio Version 16
VisualStudioVersion = 16.0.29411.108
MinimumVisualStudioVersion = 10.0.40219.1
Project("{FAE04EC0-301F-11D3-BF4B-00C04F79EFBC}") = "HangManTest", "HangManTest\HangManTest.csproj", "{31A6C473-CA32-425A-9805-79E0080EE1DD}"
EndProject
Global
	GlobalSection(SolutionConfigurationPlatforms) = preSolution
		Debug|Any CPU = Debug|Any CPU
		Release|Any CPU = Release|Any CPU
	EndGlobalSection
	GlobalSection(ProjectConfigurationPlatforms) = postSolution
		{31A6C473-CA32-425A-9805-79E0080EE1DD}.Debug|Any CPU.ActiveCfg = Debug|Any CPU
		{31A6C473-CA32-425A-9805-79E0080EE1DD}.Debug|Any CPU.Build.0 = Debug|Any CPU
		{31A6C473-CA32-425A-9805-79E0080EE1DD}.Release|Any CPU.ActiveCfg = Release|Any CPU
		{31A6C473-CA32-425A-9805-79E0080EE1DD}.Release|Any CPU.Build.0 = Release|Any CPU
	EndGlobalSection
	GlobalSection(SolutionProperties) = preSolution
		HideSolutionNode = FALSE
	EndGlobalSection
	GlobalSection(ExtensibilityGlobals) = postSolution
		SolutionGuid = {062C3BBD-2135-4B63-8768-54CCA969E44C}
	EndGlobalSection
EndGlobal
